
Microsoft Visual Studio Solution File, Format Version 12.00
# Visual Studio Version 17
VisualStudioVersion = 17.3.32519.111
MinimumVisualStudioVersion = 10.0.40219.1
Project("{9A19103F-16F7-4668-BE54-9A1E7A4F7556}") = "Nethereum.Erc20.Blazor", "Nethereum.Erc20.Blazor\Nethereum.Erc20.Blazor.csproj", "{684324A1-4DA3-4A69-80C5-2AB6A615E4C1}"
EndProject
Project("{9A19103F-16F7-4668-BE54-9A1E7A4F7556}") = "ExampleProject.Server", "ExampleProject.Server\ExampleProject.Server.csproj", "{3F07F72E-2405-46C0-9FF8-7D1CDFB5AEA4}"
EndProject
Project("{9A19103F-16F7-4668-BE54-9A1E7A4F7556}") = "ExampleProject.Wasm", "ExampleProject.Wasm\ExampleProject.Wasm.csproj", "{BBEF0F1B-F19C-4011-A2A2-E84FB1733653}"
EndProject
Project("{9A19103F-16F7-4668-BE54-9A1E7A4F7556}") = "Nethereum.Metamask.Blazor", "..\Nethereum\src\Nethereum.Metamask.Blazor\Nethereum.Metamask.Blazor.csproj", "{694971CE-14C6-436C-8868-9B9FEC944682}"
EndProject
Project("{9A19103F-16F7-4668-BE54-9A1E7A4F7556}") = "Nethereum.Web3", "..\Nethereum\src\Nethereum.Web3\Nethereum.Web3.csproj", "{6F31394C-2775-4F29-B370-A3C32FE67F66}"
EndProject
Project("{9A19103F-16F7-4668-BE54-9A1E7A4F7556}") = "Nethereum.UI", "..\Nethereum\src\Nethereum.UI\Nethereum.UI.csproj", "{70EA8839-D497-4D96-8F95-E1F467B9BF31}"
EndProject
Project("{9A19103F-16F7-4668-BE54-9A1E7A4F7556}") = "Nethereum.Metamask", "..\Nethereum\src\Nethereum.Metamask\Nethereum.Metamask.csproj", "{4CC93781-5950-4A69-97EB-2DCE97835A8C}"
EndProject
Project("{9A19103F-16F7-4668-BE54-9A1E7A4F7556}") = "Nethereum.Signer.EIP712", "..\Nethereum\src\Nethereum.Signer.EIP712\Nethereum.Signer.EIP712.csproj", "{1BD61B5A-7402-4CE4-895D-041DBA98756F}"
EndProject
Project("{9A19103F-16F7-4668-BE54-9A1E7A4F7556}") = "Nethereum.ABI", "..\Nethereum\src\Nethereum.ABI\Nethereum.ABI.csproj", "{43725E97-322A-4BBD-890C-BA2EB381A7F1}"
EndProject
Project("{9A19103F-16F7-4668-BE54-9A1E7A4F7556}") = "Nethereum.RPC", "..\Nethereum\src\Nethereum.RPC\Nethereum.RPC.csproj", "{D0C98BA2-367B-46AC-A884-CDD906D0506E}"
EndProject
Global
	GlobalSection(SolutionConfigurationPlatforms) = preSolution
		Debug|Any CPU = Debug|Any CPU
		Release|Any CPU = Release|Any CPU
	EndGlobalSection
	GlobalSection(ProjectConfigurationPlatforms) = postSolution
		{684324A1-4DA3-4A69-80C5-2AB6A615E4C1}.Debug|Any CPU.ActiveCfg = Debug|Any CPU
		{684324A1-4DA3-4A69-80C5-2AB6A615E4C1}.Debug|Any CPU.Build.0 = Debug|Any CPU
		{684324A1-4DA3-4A69-80C5-2AB6A615E4C1}.Release|Any CPU.ActiveCfg = Release|Any CPU
		{684324A1-4DA3-4A69-80C5-2AB6A615E4C1}.Release|Any CPU.Build.0 = Release|Any CPU
		{3F07F72E-2405-46C0-9FF8-7D1CDFB5AEA4}.Debug|Any CPU.ActiveCfg = Debug|Any CPU
		{3F07F72E-2405-46C0-9FF8-7D1CDFB5AEA4}.Debug|Any CPU.Build.0 = Debug|Any CPU
		{3F07F72E-2405-46C0-9FF8-7D1CDFB5AEA4}.Release|Any CPU.ActiveCfg = Release|Any CPU
		{3F07F72E-2405-46C0-9FF8-7D1CDFB5AEA4}.Release|Any CPU.Build.0 = Release|Any CPU
		{BBEF0F1B-F19C-4011-A2A2-E84FB1733653}.Debug|Any CPU.ActiveCfg = Debug|Any CPU
		{BBEF0F1B-F19C-4011-A2A2-E84FB1733653}.Debug|Any CPU.Build.0 = Debug|Any CPU
		{BBEF0F1B-F19C-4011-A2A2-E84FB1733653}.Release|Any CPU.ActiveCfg = Release|Any CPU
		{BBEF0F1B-F19C-4011-A2A2-E84FB1733653}.Release|Any CPU.Build.0 = Release|Any CPU
		{694971CE-14C6-436C-8868-9B9FEC944682}.Debug|Any CPU.ActiveCfg = Debug|Any CPU
		{694971CE-14C6-436C-8868-9B9FEC944682}.Debug|Any CPU.Build.0 = Debug|Any CPU
		{694971CE-14C6-436C-8868-9B9FEC944682}.Release|Any CPU.ActiveCfg = Release|Any CPU
		{694971CE-14C6-436C-8868-9B9FEC944682}.Release|Any CPU.Build.0 = Release|Any CPU
		{6F31394C-2775-4F29-B370-A3C32FE67F66}.Debug|Any CPU.ActiveCfg = Debug|Any CPU
		{6F31394C-2775-4F29-B370-A3C32FE67F66}.Debug|Any CPU.Build.0 = Debug|Any CPU
		{6F31394C-2775-4F29-B370-A3C32FE67F66}.Release|Any CPU.ActiveCfg = Release|Any CPU
		{6F31394C-2775-4F29-B370-A3C32FE67F66}.Release|Any CPU.Build.0 = Release|Any CPU
		{70EA8839-D497-4D96-8F95-E1F467B9BF31}.Debug|Any CPU.ActiveCfg = Debug|Any CPU
		{70EA8839-D497-4D96-8F95-E1F467B9BF31}.Debug|Any CPU.Build.0 = Debug|Any CPU
		{70EA8839-D497-4D96-8F95-E1F467B9BF31}.Release|Any CPU.ActiveCfg = Release|Any CPU
		{70EA8839-D497-4D96-8F95-E1F467B9BF31}.Release|Any CPU.Build.0 = Release|Any CPU
		{4CC93781-5950-4A69-97EB-2DCE97835A8C}.Debug|Any CPU.ActiveCfg = Debug|Any CPU
		{4CC93781-5950-4A69-97EB-2DCE97835A8C}.Debug|Any CPU.Build.0 = Debug|Any CPU
		{4CC93781-5950-4A69-97EB-2DCE97835A8C}.Release|Any CPU.ActiveCfg = Release|Any CPU
		{4CC93781-5950-4A69-97EB-2DCE97835A8C}.Release|Any CPU.Build.0 = Release|Any CPU
		{1BD61B5A-7402-4CE4-895D-041DBA98756F}.Debug|Any CPU.ActiveCfg = Debug|Any CPU
		{1BD61B5A-7402-4CE4-895D-041DBA98756F}.Debug|Any CPU.Build.0 = Debug|Any CPU
		{1BD61B5A-7402-4CE4-895D-041DBA98756F}.Release|Any CPU.ActiveCfg = Release|Any CPU
		{1BD61B5A-7402-4CE4-895D-041DBA98756F}.Release|Any CPU.Build.0 = Release|Any CPU
		{43725E97-322A-4BBD-890C-BA2EB381A7F1}.Debug|Any CPU.ActiveCfg = Debug|Any CPU
		{43725E97-322A-4BBD-890C-BA2EB381A7F1}.Debug|Any CPU.Build.0 = Debug|Any CPU
		{43725E97-322A-4BBD-890C-BA2EB381A7F1}.Release|Any CPU.ActiveCfg = Release|Any CPU
		{43725E97-322A-4BBD-890C-BA2EB381A7F1}.Release|Any CPU.Build.0 = Release|Any CPU
		{D0C98BA2-367B-46AC-A884-CDD906D0506E}.Debug|Any CPU.ActiveCfg = Debug|Any CPU
		{D0C98BA2-367B-46AC-A884-CDD906D0506E}.Debug|Any CPU.Build.0 = Debug|Any CPU
		{D0C98BA2-367B-46AC-A884-CDD906D0506E}.Release|Any CPU.ActiveCfg = Release|Any CPU
		{D0C98BA2-367B-46AC-A884-CDD906D0506E}.Release|Any CPU.Build.0 = Release|Any CPU
	EndGlobalSection
	GlobalSection(SolutionProperties) = preSolution
		HideSolutionNode = FALSE
	EndGlobalSection
	GlobalSection(ExtensibilityGlobals) = postSolution
		SolutionGuid = {649AA85A-ED5E-4E04-81A6-5BEBCEF3771E}
	EndGlobalSection
EndGlobal
